
Microsoft Visual Studio Solution File, Format Version 12.00
# Visual Studio Version 16
VisualStudioVersion = 16.0.29306.81
MinimumVisualStudioVersion = 10.0.40219.1
Project("{FAE04EC0-301F-11D3-BF4B-00C04F79EFBC}") = "XamUI.Android", "XamUI\XamUI.Android\XamUI.Android.csproj", "{97A04B0B-B479-43EB-B5F9-523D1BB8E480}"
EndProject
Project("{FAE04EC0-301F-11D3-BF4B-00C04F79EFBC}") = "XamUI.iOS", "XamUI\XamUI.iOS\XamUI.iOS.csproj", "{91A17289-4176-402D-8EA5-FD5637A76330}"
EndProject
Project("{FAE04EC0-301F-11D3-BF4B-00C04F79EFBC}") = "XamUI", "XamUI\XamUI\XamUI.csproj", "{C1A2F6A4-AB6A-47E1-914E-AC327EB4F2D1}"
EndProject
Global
	GlobalSection(SolutionConfigurationPlatforms) = preSolution
		Debug|Any CPU = Debug|Any CPU
		Debug|iPhone = Debug|iPhone
		Debug|iPhoneSimulator = Debug|iPhoneSimulator
		Release|Any CPU = Release|Any CPU
		Release|iPhone = Release|iPhone
		Release|iPhoneSimulator = Release|iPhoneSimulator
	EndGlobalSection
	GlobalSection(ProjectConfigurationPlatforms) = postSolution
		{97A04B0B-B479-43EB-B5F9-523D1BB8E480}.Debug|Any CPU.ActiveCfg = Debug|Any CPU
		{97A04B0B-B479-43EB-B5F9-523D1BB8E480}.Debug|Any CPU.Build.0 = Debug|Any CPU
		{97A04B0B-B479-43EB-B5F9-523D1BB8E480}.Debug|Any CPU.Deploy.0 = Debug|Any CPU
		{97A04B0B-B479-43EB-B5F9-523D1BB8E480}.Debug|iPhone.ActiveCfg = Debug|Any CPU
		{97A04B0B-B479-43EB-B5F9-523D1BB8E480}.Debug|iPhone.Build.0 = Debug|Any CPU
		{97A04B0B-B479-43EB-B5F9-523D1BB8E480}.Debug|iPhone.Deploy.0 = Debug|Any CPU
		{97A04B0B-B479-43EB-B5F9-523D1BB8E480}.Debug|iPhoneSimulator.ActiveCfg = Debug|Any CPU
		{97A04B0B-B479-43EB-B5F9-523D1BB8E480}.Debug|iPhoneSimulator.Build.0 = Debug|Any CPU
		{97A04B0B-B479-43EB-B5F9-523D1BB8E480}.Debug|iPhoneSimulator.Deploy.0 = Debug|Any CPU
		{97A04B0B-B479-43EB-B5F9-523D1BB8E480}.Release|Any CPU.ActiveCfg = Release|Any CPU
		{97A04B0B-B479-43EB-B5F9-523D1BB8E480}.Release|Any CPU.Build.0 = Release|Any CPU
		{97A04B0B-B479-43EB-B5F9-523D1BB8E480}.Release|Any CPU.Deploy.0 = Release|Any CPU
		{97A04B0B-B479-43EB-B5F9-523D1BB8E480}.Release|iPhone.ActiveCfg = Release|Any CPU
		{97A04B0B-B479-43EB-B5F9-523D1BB8E480}.Release|iPhone.Build.0 = Release|Any CPU
		{97A04B0B-B479-43EB-B5F9-523D1BB8E480}.Release|iPhone.Deploy.0 = Release|Any CPU
		{97A04B0B-B479-43EB-B5F9-523D1BB8E480}.Release|iPhoneSimulator.ActiveCfg = Release|Any CPU
		{97A04B0B-B479-43EB-B5F9-523D1BB8E480}.Release|iPhoneSimulator.Build.0 = Release|Any CPU
		{97A04B0B-B479-43EB-B5F9-523D1BB8E480}.Release|iPhoneSimulator.Deploy.0 = Release|Any CPU
		{91A17289-4176-402D-8EA5-FD5637A76330}.Debug|Any CPU.ActiveCfg = Debug|iPhoneSimulator
		{91A17289-4176-402D-8EA5-FD5637A76330}.Debug|Any CPU.Build.0 = Debug|iPhoneSimulator
		{91A17289-4176-402D-8EA5-FD5637A76330}.Debug|Any CPU.Deploy.0 = Debug|iPhoneSimulator
		{91A17289-4176-402D-8EA5-FD5637A76330}.Debug|iPhone.ActiveCfg = Debug|iPhone
		{91A17289-4176-402D-8EA5-FD5637A76330}.Debug|iPhone.Build.0 = Debug|iPhone
		{91A17289-4176-402D-8EA5-FD5637A76330}.Debug|iPhone.Deploy.0 = Debug|iPhone
		{91A17289-4176-402D-8EA5-FD5637A76330}.Debug|iPhoneSimulator.ActiveCfg = Debug|iPhoneSimulator
		{91A17289-4176-402D-8EA5-FD5637A76330}.Debug|iPhoneSimulator.Build.0 = Debug|iPhoneSimulator
		{91A17289-4176-402D-8EA5-FD5637A76330}.Debug|iPhoneSimulator.Deploy.0 = Debug|iPhoneSimulator
		{91A17289-4176-402D-8EA5-FD5637A76330}.Release|Any CPU.ActiveCfg = Release|iPhone
		{91A17289-4176-402D-8EA5-FD5637A76330}.Release|Any CPU.Build.0 = Release|iPhone
		{91A17289-4176-402D-8EA5-FD5637A76330}.Release|Any CPU.Deploy.0 = Release|iPhone
		{91A17289-4176-402D-8EA5-FD5637A76330}.Release|iPhone.ActiveCfg = Release|iPhone
		{91A17289-4176-402D-8EA5-FD5637A76330}.Release|iPhone.Build.0 = Release|iPhone
		{91A17289-4176-402D-8EA5-FD5637A76330}.Release|iPhone.Deploy.0 = Release|iPhone
		{91A17289-4176-402D-8EA5-FD5637A76330}.Release|iPhoneSimulator.ActiveCfg = Release|iPhoneSimulator
		{91A17289-4176-402D-8EA5-FD5637A76330}.Release|iPhoneSimulator.Build.0 = Release|iPhoneSimulator
		{91A17289-4176-402D-8EA5-FD5637A76330}.Release|iPhoneSimulator.Deploy.0 = Release|iPhoneSimulator
		{C1A2F6A4-AB6A-47E1-914E-AC327EB4F2D1}.Debug|Any CPU.ActiveCfg = Debug|Any CPU
		{C1A2F6A4-AB6A-47E1-914E-AC327EB4F2D1}.Debug|Any CPU.Build.0 = Debug|Any CPU
		{C1A2F6A4-AB6A-47E1-914E-AC327EB4F2D1}.Debug|Any CPU.Deploy.0 = Debug|Any CPU
		{C1A2F6A4-AB6A-47E1-914E-AC327EB4F2D1}.Debug|iPhone.ActiveCfg = Debug|Any CPU
		{C1A2F6A4-AB6A-47E1-914E-AC327EB4F2D1}.Debug|iPhone.Build.0 = Debug|Any CPU
		{C1A2F6A4-AB6A-47E1-914E-AC327EB4F2D1}.Debug|iPhone.Deploy.0 = Debug|Any CPU
		{C1A2F6A4-AB6A-47E1-914E-AC327EB4F2D1}.Debug|iPhoneSimulator.ActiveCfg = Debug|Any CPU
		{C1A2F6A4-AB6A-47E1-914E-AC327EB4F2D1}.Debug|iPhoneSimulator.Build.0 = Debug|Any CPU
		{C1A2F6A4-AB6A-47E1-914E-AC327EB4F2D1}.Debug|iPhoneSimulator.Deploy.0 = Debug|Any CPU
		{C1A2F6A4-AB6A-47E1-914E-AC327EB4F2D1}.Release|Any CPU.ActiveCfg = Release|Any CPU
		{C1A2F6A4-AB6A-47E1-914E-AC327EB4F2D1}.Release|Any CPU.Build.0 = Release|Any CPU
		{C1A2F6A4-AB6A-47E1-914E-AC327EB4F2D1}.Release|Any CPU.Deploy.0 = Release|Any CPU
		{C1A2F6A4-AB6A-47E1-914E-AC327EB4F2D1}.Release|iPhone.ActiveCfg = Release|Any CPU
		{C1A2F6A4-AB6A-47E1-914E-AC327EB4F2D1}.Release|iPhone.Build.0 = Release|Any CPU
		{C1A2F6A4-AB6A-47E1-914E-AC327EB4F2D1}.Release|iPhone.Deploy.0 = Release|Any CPU
		{C1A2F6A4-AB6A-47E1-914E-AC327EB4F2D1}.Release|iPhoneSimulator.ActiveCfg = Release|Any CPU
		{C1A2F6A4-AB6A-47E1-914E-AC327EB4F2D1}.Release|iPhoneSimulator.Build.0 = Release|Any CPU
		{C1A2F6A4-AB6A-47E1-914E-AC327EB4F2D1}.Release|iPhoneSimulator.Deploy.0 = Release|Any CPU
	EndGlobalSection
	GlobalSection(SolutionProperties) = preSolution
		HideSolutionNode = FALSE
	EndGlobalSection
	GlobalSection(ExtensibilityGlobals) = postSolution
		SolutionGuid = {F494A6E2-49FA-4E66-B25F-037A90C0FBF1}
	EndGlobalSection
EndGlobal
